
Microsoft Visual Studio Solution File, Format Version 12.00
Project("{FAE04EC0-301F-11D3-BF4B-00C04F79EFBC}") = "TDDCalc", "TDDCalc\TDDCalc.csproj", "{20EC82A1-6869-48A4-AC16-909A845CC1AB}"
EndProject
Global
	GlobalSection(SolutionConfigurationPlatforms) = preSolution
		Debug|Any CPU = Debug|Any CPU
		Release|Any CPU = Release|Any CPU
	EndGlobalSection
	GlobalSection(ProjectConfigurationPlatforms) = postSolution
		{20EC82A1-6869-48A4-AC16-909A845CC1AB}.Debug|Any CPU.ActiveCfg = Debug|Any CPU
		{20EC82A1-6869-48A4-AC16-909A845CC1AB}.Debug|Any CPU.Build.0 = Debug|Any CPU
		{20EC82A1-6869-48A4-AC16-909A845CC1AB}.Release|Any CPU.ActiveCfg = Release|Any CPU
		{20EC82A1-6869-48A4-AC16-909A845CC1AB}.Release|Any CPU.Build.0 = Release|Any CPU
	EndGlobalSection
EndGlobal
